
Microsoft Visual Studio Solution File, Format Version 12.00
# Visual Studio Version 16
VisualStudioVersion = 16.0.30523.141
MinimumVisualStudioVersion = 10.0.40219.1
Project("{8BC9CEB8-8B4A-11D0-8D11-00A0C91BC942}") = "Inner", "Inner.vcxproj", "{2664036B-EBC6-4498-8A64-AD37FABC3EB1}"
EndProject
Global
	GlobalSection(SolutionConfigurationPlatforms) = preSolution
		Debug|x64 = Debug|x64
		Debug|x86 = Debug|x86
		Release|x64 = Release|x64
		Release|x86 = Release|x86
	EndGlobalSection
	GlobalSection(ProjectConfigurationPlatforms) = postSolution
		{2664036B-EBC6-4498-8A64-AD37FABC3EB1}.Debug|x64.ActiveCfg = Debug|x64
		{2664036B-EBC6-4498-8A64-AD37FABC3EB1}.Debug|x64.Build.0 = Debug|x64
		{2664036B-EBC6-4498-8A64-AD37FABC3EB1}.Debug|x86.ActiveCfg = Debug|Win32
		{2664036B-EBC6-4498-8A64-AD37FABC3EB1}.Debug|x86.Build.0 = Debug|Win32
		{2664036B-EBC6-4498-8A64-AD37FABC3EB1}.Release|x64.ActiveCfg = Release|x64
		{2664036B-EBC6-4498-8A64-AD37FABC3EB1}.Release|x64.Build.0 = Release|x64
		{2664036B-EBC6-4498-8A64-AD37FABC3EB1}.Release|x86.ActiveCfg = Release|Win32
		{2664036B-EBC6-4498-8A64-AD37FABC3EB1}.Release|x86.Build.0 = Release|Win32
	EndGlobalSection
	GlobalSection(SolutionProperties) = preSolution
		HideSolutionNode = FALSE
	EndGlobalSection
	GlobalSection(ExtensibilityGlobals) = postSolution
		SolutionGuid = {98EFE40D-E7FF-4DCB-B0C5-50568569C68B}
	EndGlobalSection
EndGlobal
